// !$*UTF8*$!
{
	archiveVersion = 1;
	classes = {
	};
	objectVersion = 50;
	objects = {

/* Begin PBXBuildFile section */
		FCB6312D24B80EC000C79882 /* AppDelegate.swift in Sources */ = {isa = PBXBuildFile; fileRef = FCB6312C24B80EC000C79882 /* AppDelegate.swift */; };
		FCB6312F24B80EC000C79882 /* SceneDelegate.swift in Sources */ = {isa = PBXBuildFile; fileRef = FCB6312E24B80EC000C79882 /* SceneDelegate.swift */; };
		FCB6313124B80EC000C79882 /* HomeViewController.swift in Sources */ = {isa = PBXBuildFile; fileRef = FCB6313024B80EC000C79882 /* HomeViewController.swift */; };
		FCB6313424B80EC000C79882 /* Main.storyboard in Resources */ = {isa = PBXBuildFile; fileRef = FCB6313224B80EC000C79882 /* Main.storyboard */; };
		FCB6313624B80EC200C79882 /* Assets.xcassets in Resources */ = {isa = PBXBuildFile; fileRef = FCB6313524B80EC200C79882 /* Assets.xcassets */; };
		FCB6313924B80EC200C79882 /* LaunchScreen.storyboard in Resources */ = {isa = PBXBuildFile; fileRef = FCB6313724B80EC200C79882 /* LaunchScreen.storyboard */; };
		FCB6314224B80F5A00C79882 /* HomePresenter.swift in Sources */ = {isa = PBXBuildFile; fileRef = FCB6314124B80F5A00C79882 /* HomePresenter.swift */; };
		FCB6314424B80F9200C79882 /* HomeRouter.swift in Sources */ = {isa = PBXBuildFile; fileRef = FCB6314324B80F9200C79882 /* HomeRouter.swift */; };
		FCB6314624B80FE000C79882 /* HomeInteractor.swift in Sources */ = {isa = PBXBuildFile; fileRef = FCB6314524B80FE000C79882 /* HomeInteractor.swift */; };
		FCB6314824B8104F00C79882 /* HomeModel.swift in Sources */ = {isa = PBXBuildFile; fileRef = FCB6314724B8104F00C79882 /* HomeModel.swift */; };
		FCB6314A24B8110600C79882 /* HomeModuleBuilder.swift in Sources */ = {isa = PBXBuildFile; fileRef = FCB6314924B8110600C79882 /* HomeModuleBuilder.swift */; };
/* End PBXBuildFile section */

/* Begin PBXFileReference section */
		FCB6312924B80EC000C79882 /* Grocery.app */ = {isa = PBXFileReference; explicitFileType = wrapper.application; includeInIndex = 0; path = Grocery.app; sourceTree = BUILT_PRODUCTS_DIR; };
		FCB6312C24B80EC000C79882 /* AppDelegate.swift */ = {isa = PBXFileReference; lastKnownFileType = sourcecode.swift; path = AppDelegate.swift; sourceTree = "<group>"; };
		FCB6312E24B80EC000C79882 /* SceneDelegate.swift */ = {isa = PBXFileReference; lastKnownFileType = sourcecode.swift; path = SceneDelegate.swift; sourceTree = "<group>"; };
		FCB6313024B80EC000C79882 /* HomeViewController.swift */ = {isa = PBXFileReference; lastKnownFileType = sourcecode.swift; path = HomeViewController.swift; sourceTree = "<group>"; };
		FCB6313324B80EC000C79882 /* Base */ = {isa = PBXFileReference; lastKnownFileType = file.storyboard; name = Base; path = Base.lproj/Main.storyboard; sourceTree = "<group>"; };
		FCB6313524B80EC200C79882 /* Assets.xcassets */ = {isa = PBXFileReference; lastKnownFileType = folder.assetcatalog; path = Assets.xcassets; sourceTree = "<group>"; };
		FCB6313824B80EC200C79882 /* Base */ = {isa = PBXFileReference; lastKnownFileType = file.storyboard; name = Base; path = Base.lproj/LaunchScreen.storyboard; sourceTree = "<group>"; };
		FCB6313A24B80EC200C79882 /* Info.plist */ = {isa = PBXFileReference; lastKnownFileType = text.plist.xml; path = Info.plist; sourceTree = "<group>"; };
		FCB6314124B80F5A00C79882 /* HomePresenter.swift */ = {isa = PBXFileReference; lastKnownFileType = sourcecode.swift; path = HomePresenter.swift; sourceTree = "<group>"; };
		FCB6314324B80F9200C79882 /* HomeRouter.swift */ = {isa = PBXFileReference; lastKnownFileType = sourcecode.swift; path = HomeRouter.swift; sourceTree = "<group>"; };
		FCB6314524B80FE000C79882 /* HomeInteractor.swift */ = {isa = PBXFileReference; lastKnownFileType = sourcecode.swift; path = HomeInteractor.swift; sourceTree = "<group>"; };
		FCB6314724B8104F00C79882 /* HomeModel.swift */ = {isa = PBXFileReference; lastKnownFileType = sourcecode.swift; path = HomeModel.swift; sourceTree = "<group>"; };
		FCB6314924B8110600C79882 /* HomeModuleBuilder.swift */ = {isa = PBXFileReference; lastKnownFileType = sourcecode.swift; path = HomeModuleBuilder.swift; sourceTree = "<group>"; };
/* End PBXFileReference section */

/* Begin PBXFrameworksBuildPhase section */
		FCB6312624B80EC000C79882 /* Frameworks */ = {
			isa = PBXFrameworksBuildPhase;
			buildActionMask = 2147483647;
			files = (
			);
			runOnlyForDeploymentPostprocessing = 0;
		};
/* End PBXFrameworksBuildPhase section */

/* Begin PBXGroup section */
		FCB6312024B80EC000C79882 = {
			isa = PBXGroup;
			children = (
				FCB6312B24B80EC000C79882 /* Grocery */,
				FCB6312A24B80EC000C79882 /* Products */,
			);
			sourceTree = "<group>";
		};
		FCB6312A24B80EC000C79882 /* Products */ = {
			isa = PBXGroup;
			children = (
				FCB6312924B80EC000C79882 /* Grocery.app */,
			);
			name = Products;
			sourceTree = "<group>";
		};
		FCB6312B24B80EC000C79882 /* Grocery */ = {
			isa = PBXGroup;
			children = (
				FCB6314024B80F1200C79882 /* HomeModule */,
				FCB6312C24B80EC000C79882 /* AppDelegate.swift */,
				FCB6312E24B80EC000C79882 /* SceneDelegate.swift */,
				FCB6313224B80EC000C79882 /* Main.storyboard */,
				FCB6313524B80EC200C79882 /* Assets.xcassets */,
				FCB6313724B80EC200C79882 /* LaunchScreen.storyboard */,
				FCB6313A24B80EC200C79882 /* Info.plist */,
			);
			path = Grocery;
			sourceTree = "<group>";
		};
		FCB6314024B80F1200C79882 /* HomeModule */ = {
			isa = PBXGroup;
			children = (
				FCB6313024B80EC000C79882 /* HomeViewController.swift */,
				FCB6314124B80F5A00C79882 /* HomePresenter.swift */,
				FCB6314324B80F9200C79882 /* HomeRouter.swift */,
				FCB6314524B80FE000C79882 /* HomeInteractor.swift */,
				FCB6314724B8104F00C79882 /* HomeModel.swift */,
				FCB6314924B8110600C79882 /* HomeModuleBuilder.swift */,
			);
			path = HomeModule;
			sourceTree = "<group>";
		};
/* End PBXGroup section */

/* Begin PBXNativeTarget section */
		FCB6312824B80EC000C79882 /* Grocery */ = {
			isa = PBXNativeTarget;
			buildConfigurationList = FCB6313D24B80EC200C79882 /* Build configuration list for PBXNativeTarget "Grocery" */;
			buildPhases = (
				FCB6312524B80EC000C79882 /* Sources */,
				FCB6312624B80EC000C79882 /* Frameworks */,
				FCB6312724B80EC000C79882 /* Resources */,
			);
			buildRules = (
			);
			dependencies = (
			);
			name = Grocery;
			productName = Grocery;
			productReference = FCB6312924B80EC000C79882 /* Grocery.app */;
			productType = "com.apple.product-type.application";
		};
/* End PBXNativeTarget section */

/* Begin PBXProject section */
		FCB6312124B80EC000C79882 /* Project object */ = {
			isa = PBXProject;
			attributes = {
				LastSwiftUpdateCheck = 1150;
				LastUpgradeCheck = 1150;
				ORGANIZATIONNAME = omrobbie;
				TargetAttributes = {
					FCB6312824B80EC000C79882 = {
						CreatedOnToolsVersion = 11.5;
					};
				};
			};
			buildConfigurationList = FCB6312424B80EC000C79882 /* Build configuration list for PBXProject "Grocery" */;
			compatibilityVersion = "Xcode 9.3";
			developmentRegion = en;
			hasScannedForEncodings = 0;
			knownRegions = (
				en,
				Base,
			);
			mainGroup = FCB6312024B80EC000C79882;
			productRefGroup = FCB6312A24B80EC000C79882 /* Products */;
			projectDirPath = "";
			projectRoot = "";
			targets = (
				FCB6312824B80EC000C79882 /* Grocery */,
			);
		};
/* End PBXProject section */

/* Begin PBXResourcesBuildPhase section */
		FCB6312724B80EC000C79882 /* Resources */ = {
			isa = PBXResourcesBuildPhase;
			buildActionMask = 2147483647;
			files = (
				FCB6313924B80EC200C79882 /* LaunchScreen.storyboard in Resources */,
				FCB6313624B80EC200C79882 /* Assets.xcassets in Resources */,
				FCB6313424B80EC000C79882 /* Main.storyboard in Resources */,
			);
			runOnlyForDeploymentPostprocessing = 0;
		};
/* End PBXResourcesBuildPhase section */

/* Begin PBXSourcesBuildPhase section */
		FCB6312524B80EC000C79882 /* Sources */ = {
			isa = PBXSourcesBuildPhase;
			buildActionMask = 2147483647;
			files = (
				FCB6314A24B8110600C79882 /* HomeModuleBuilder.swift in Sources */,
				FCB6313124B80EC000C79882 /* HomeViewController.swift in Sources */,
				FCB6312D24B80EC000C79882 /* AppDelegate.swift in Sources */,
				FCB6314424B80F9200C79882 /* HomeRouter.swift in Sources */,
				FCB6314824B8104F00C79882 /* HomeModel.swift in Sources */,
				FCB6314624B80FE000C79882 /* HomeInteractor.swift in Sources */,
				FCB6312F24B80EC000C79882 /* SceneDelegate.swift in Sources */,
				FCB6314224B80F5A00C79882 /* HomePresenter.swift in Sources */,
			);
			runOnlyForDeploymentPostprocessing = 0;
		};
/* End PBXSourcesBuildPhase section */

/* Begin PBXVariantGroup section */
		FCB6313224B80EC000C79882 /* Main.storyboard */ = {
			isa = PBXVariantGroup;
			children = (
				FCB6313324B80EC000C79882 /* Base */,
			);
			name = Main.storyboard;
			sourceTree = "<group>";
		};
		FCB6313724B80EC200C79882 /* LaunchScreen.storyboard */ = {
			isa = PBXVariantGroup;
			children = (
				FCB6313824B80EC200C79882 /* Base */,
			);
			name = LaunchScreen.storyboard;
			sourceTree = "<group>";
		};
/* End PBXVariantGroup section */

/* Begin XCBuildConfiguration section */
		FCB6313B24B80EC200C79882 /* Debug */ = {
			isa = XCBuildConfiguration;
			buildSettings = {
				ALWAYS_SEARCH_USER_PATHS = NO;
				CLANG_ANALYZER_NONNULL = YES;
				CLANG_ANALYZER_NUMBER_OBJECT_CONVERSION = YES_AGGRESSIVE;
				CLANG_CXX_LANGUAGE_STANDARD = "gnu++14";
				CLANG_CXX_LIBRARY = "libc++";
				CLANG_ENABLE_MODULES = YES;
				CLANG_ENABLE_OBJC_ARC = YES;
				CLANG_ENABLE_OBJC_WEAK = YES;
				CLANG_WARN_BLOCK_CAPTURE_AUTORELEASING = YES;
				CLANG_WARN_BOOL_CONVERSION = YES;
				CLANG_WARN_COMMA = YES;
				CLANG_WARN_CONSTANT_CONVERSION = YES;
				CLANG_WARN_DEPRECATED_OBJC_IMPLEMENTATIONS = YES;
				CLANG_WARN_DIRECT_OBJC_ISA_USAGE = YES_ERROR;
				CLANG_WARN_DOCUMENTATION_COMMENTS = YES;
				CLANG_WARN_EMPTY_BODY = YES;
				CLANG_WARN_ENUM_CONVERSION = YES;
				CLANG_WARN_INFINITE_RECURSION = YES;
				CLANG_WARN_INT_CONVERSION = YES;
				CLANG_WARN_NON_LITERAL_NULL_CONVERSION = YES;
				CLANG_WARN_OBJC_IMPLICIT_RETAIN_SELF = YES;
				CLANG_WARN_OBJC_LITERAL_CONVERSION = YES;
				CLANG_WARN_OBJC_ROOT_CLASS = YES_ERROR;
				CLANG_WARN_RANGE_LOOP_ANALYSIS = YES;
				CLANG_WARN_STRICT_PROTOTYPES = YES;
				CLANG_WARN_SUSPICIOUS_MOVE = YES;
				CLANG_WARN_UNGUARDED_AVAILABILITY = YES_AGGRESSIVE;
				CLANG_WARN_UNREACHABLE_CODE = YES;
				CLANG_WARN__DUPLICATE_METHOD_MATCH = YES;
				COPY_PHASE_STRIP = NO;
				DEBUG_INFORMATION_FORMAT = dwarf;
				ENABLE_STRICT_OBJC_MSGSEND = YES;
				ENABLE_TESTABILITY = YES;
				GCC_C_LANGUAGE_STANDARD = gnu11;
				GCC_DYNAMIC_NO_PIC = NO;
				GCC_NO_COMMON_BLOCKS = YES;
				GCC_OPTIMIZATION_LEVEL = 0;
				GCC_PREPROCESSOR_DEFINITIONS = (
					"DEBUG=1",
					"$(inherited)",
				);
				GCC_WARN_64_TO_32_BIT_CONVERSION = YES;
				GCC_WARN_ABOUT_RETURN_TYPE = YES_ERROR;
				GCC_WARN_UNDECLARED_SELECTOR = YES;
				GCC_WARN_UNINITIALIZED_AUTOS = YES_AGGRESSIVE;
				GCC_WARN_UNUSED_FUNCTION = YES;
				GCC_WARN_UNUSED_VARIABLE = YES;
				IPHONEOS_DEPLOYMENT_TARGET = 13.5;
				MTL_ENABLE_DEBUG_INFO = INCLUDE_SOURCE;
				MTL_FAST_MATH = YES;
				ONLY_ACTIVE_ARCH = YES;
				SDKROOT = iphoneos;
				SWIFT_ACTIVE_COMPILATION_CONDITIONS = DEBUG;
				SWIFT_OPTIMIZATION_LEVEL = "-Onone";
			};
			name = Debug;
		};
		FCB6313C24B80EC200C79882 /* Release */ = {
			isa = XCBuildConfiguration;
			buildSettings = {
				ALWAYS_SEARCH_USER_PATHS = NO;
				CLANG_ANALYZER_NONNULL = YES;
				CLANG_ANALYZER_NUMBER_OBJECT_CONVERSION = YES_AGGRESSIVE;
				CLANG_CXX_LANGUAGE_STANDARD = "gnu++14";
				CLANG_CXX_LIBRARY = "libc++";
				CLANG_ENABLE_MODULES = YES;
				CLANG_ENABLE_OBJC_ARC = YES;
				CLANG_ENABLE_OBJC_WEAK = YES;
				CLANG_WARN_BLOCK_CAPTURE_AUTORELEASING = YES;
				CLANG_WARN_BOOL_CONVERSION = YES;
				CLANG_WARN_COMMA = YES;
				CLANG_WARN_CONSTANT_CONVERSION = YES;
				CLANG_WARN_DEPRECATED_OBJC_IMPLEMENTATIONS = YES;
				CLANG_WARN_DIRECT_OBJC_ISA_USAGE = YES_ERROR;
				CLANG_WARN_DOCUMENTATION_COMMENTS = YES;
				CLANG_WARN_EMPTY_BODY = YES;
				CLANG_WARN_ENUM_CONVERSION = YES;
				CLANG_WARN_INFINITE_RECURSION = YES;
				CLANG_WARN_INT_CONVERSION = YES;
				CLANG_WARN_NON_LITERAL_NULL_CONVERSION = YES;
				CLANG_WARN_OBJC_IMPLICIT_RETAIN_SELF = YES;
				CLANG_WARN_OBJC_LITERAL_CONVERSION = YES;
				CLANG_WARN_OBJC_ROOT_CLASS = YES_ERROR;
				CLANG_WARN_RANGE_LOOP_ANALYSIS = YES;
				CLANG_WARN_STRICT_PROTOTYPES = YES;
				CLANG_WARN_SUSPICIOUS_MOVE = YES;
				CLANG_WARN_UNGUARDED_AVAILABILITY = YES_AGGRESSIVE;
				CLANG_WARN_UNREACHABLE_CODE = YES;
				CLANG_WARN__DUPLICATE_METHOD_MATCH = YES;
				COPY_PHASE_STRIP = NO;
				DEBUG_INFORMATION_FORMAT = "dwarf-with-dsym";
				ENABLE_NS_ASSERTIONS = NO;
				ENABLE_STRICT_OBJC_MSGSEND = YES;
				GCC_C_LANGUAGE_STANDARD = gnu11;
				GCC_NO_COMMON_BLOCKS = YES;
				GCC_WARN_64_TO_32_BIT_CONVERSION = YES;
				GCC_WARN_ABOUT_RETURN_TYPE = YES_ERROR;
				GCC_WARN_UNDECLARED_SELECTOR = YES;
				GCC_WARN_UNINITIALIZED_AUTOS = YES_AGGRESSIVE;
				GCC_WARN_UNUSED_FUNCTION = YES;
				GCC_WARN_UNUSED_VARIABLE = YES;
				IPHONEOS_DEPLOYMENT_TARGET = 13.5;
				MTL_ENABLE_DEBUG_INFO = NO;
				MTL_FAST_MATH = YES;
				SDKROOT = iphoneos;
				SWIFT_COMPILATION_MODE = wholemodule;
				SWIFT_OPTIMIZATION_LEVEL = "-O";
				VALIDATE_PRODUCT = YES;
			};
			name = Release;
		};
		FCB6313E24B80EC200C79882 /* Debug */ = {
			isa = XCBuildConfiguration;
			buildSettings = {
				ASSETCATALOG_COMPILER_APPICON_NAME = AppIcon;
				CODE_SIGN_STYLE = Automatic;
				INFOPLIST_FILE = Grocery/Info.plist;
				LD_RUNPATH_SEARCH_PATHS = (
					"$(inherited)",
					"@executable_path/Frameworks",
				);
				PRODUCT_BUNDLE_IDENTIFIER = com.omrobbie.Grocery;
				PRODUCT_NAME = "$(TARGET_NAME)";
				SWIFT_VERSION = 5.0;
				TARGETED_DEVICE_FAMILY = "1,2";
			};
			name = Debug;
		};
		FCB6313F24B80EC200C79882 /* Release */ = {
			isa = XCBuildConfiguration;
			buildSettings = {
				ASSETCATALOG_COMPILER_APPICON_NAME = AppIcon;
				CODE_SIGN_STYLE = Automatic;
				INFOPLIST_FILE = Grocery/Info.plist;
				LD_RUNPATH_SEARCH_PATHS = (
					"$(inherited)",
					"@executable_path/Frameworks",
				);
				PRODUCT_BUNDLE_IDENTIFIER = com.omrobbie.Grocery;
				PRODUCT_NAME = "$(TARGET_NAME)";
				SWIFT_VERSION = 5.0;
				TARGETED_DEVICE_FAMILY = "1,2";
			};
			name = Release;
		};
/* End XCBuildConfiguration section */

/* Begin XCConfigurationList section */
		FCB6312424B80EC000C79882 /* Build configuration list for PBXProject "Grocery" */ = {
			isa = XCConfigurationList;
			buildConfigurations = (
				FCB6313B24B80EC200C79882 /* Debug */,
				FCB6313C24B80EC200C79882 /* Release */,
			);
			defaultConfigurationIsVisible = 0;
			defaultConfigurationName = Release;
		};
		FCB6313D24B80EC200C79882 /* Build configuration list for PBXNativeTarget "Grocery" */ = {
			isa = XCConfigurationList;
			buildConfigurations = (
				FCB6313E24B80EC200C79882 /* Debug */,
				FCB6313F24B80EC200C79882 /* Release */,
			);
			defaultConfigurationIsVisible = 0;
			defaultConfigurationName = Release;
		};
/* End XCConfigurationList section */
	};
	rootObject = FCB6312124B80EC000C79882 /* Project object */;
}
